{
  "pins" : [
    {
      "identity" : "swifthaptics",
      "kind" : "remoteSourceControl",
      "location" : "https://github.com/pxlshpr/SwiftHaptics",
      "state" : {
        "revision" : "6300a8681b551f3df1023266116ca9700dbd14f9",
        "version" : "0.1.0"
      }
    },
    {
      "identity" : "swiftsugar",
      "kind" : "remoteSourceControl",
      "location" : "https://github.com/pxlshpr/SwiftSugar",
      "state" : {
        "revision" : "b7add1ec5deea79b13c735576c3b0c92839dc5a6",
        "version" : "0.0.54"
      }
    },
    {
      "identity" : "swiftuisugar",
      "kind" : "remoteSourceControl",
      "location" : "https://github.com/pxlshpr/swiftuisugar",
      "state" : {
        "revision" : "b3fe8ecbd0cd4441e73eba0f55d38d9c736d213e",
        "version" : "0.0.170"
      }
    }
  ],
  "version" : 2
}
